{
  "object": {
    "pins": [
      {
        "package": "BSON",
        "repositoryURL": "https://github.com/OpenKitten/BSON.git",
        "state": {
          "branch": null,
          "revision": "a41d350d00d111c51007399329607d5c480994d2",
          "version": "7.0.18"
        }
      },
      {
        "package": "MongoKitten",
        "repositoryURL": "https://github.com/OpenKitten/MongoKitten.git",
        "state": {
          "branch": "master/6.0",
          "revision": "288f16afaa85b0982cf794217c6cdbdb46689ebe",
          "version": null
        }
      },
      {
        "package": "DNSClient",
        "repositoryURL": "https://github.com/OpenKitten/NioDNS.git",
        "state": {
          "branch": null,
          "revision": "ea98c8f47c6bd3c54803f417111ddad48595f5d6",
          "version": "2.0.5"
        }
      },
      {
        "package": "swift-log",
        "repositoryURL": "https://github.com/apple/swift-log.git",
        "state": {
          "branch": null,
          "revision": "74d7b91ceebc85daf387ebb206003f78813f71aa",
          "version": "1.2.0"
        }
      },
      {
        "package": "swift-metrics",
        "repositoryURL": "https://github.com/apple/swift-metrics.git",
        "state": {
          "branch": null,
          "revision": "708b960b4605abb20bc55d65abf6bad607252200",
          "version": "2.0.0"
        }
      },
      {
        "package": "swift-nio",
        "repositoryURL": "https://github.com/apple/swift-nio.git",
        "state": {
          "branch": null,
          "revision": "c5fa0b456524cd73dc3ddbb263d4f46c20b86ca3",
          "version": "2.17.0"
        }
      },
      {
        "package": "swift-nio-ssl",
        "repositoryURL": "https://github.com/apple/swift-nio-ssl.git",
        "state": {
          "branch": null,
          "revision": "10e0e17dd47b594c3d864a063f343d716e33e5c1",
          "version": "2.7.3"
        }
      }
    ]
  },
  "version": 1
}
